// !$*UTF8*$!
{
	archiveVersion = 1;
	classes = {
	};
	objectVersion = 46;
	objects = {

/* Begin PBXBuildFile section */
		8CFA5D801D6EE1D100FF2A16 /* main.m in Sources */ = {isa = PBXBuildFile; fileRef = 8CFA5D7F1D6EE1D100FF2A16 /* main.m */; };
		8CFA5D831D6EE1D100FF2A16 /* AppDelegate.m in Sources */ = {isa = PBXBuildFile; fileRef = 8CFA5D821D6EE1D100FF2A16 /* AppDelegate.m */; };
		8CFA5D861D6EE1D100FF2A16 /* ViewController.m in Sources */ = {isa = PBXBuildFile; fileRef = 8CFA5D851D6EE1D100FF2A16 /* ViewController.m */; };
		8CFA5D891D6EE1D100FF2A16 /* Main.storyboard in Resources */ = {isa = PBXBuildFile; fileRef = 8CFA5D871D6EE1D100FF2A16 /* Main.storyboard */; };
		8CFA5D8B1D6EE1D100FF2A16 /* Assets.xcassets in Resources */ = {isa = PBXBuildFile; fileRef = 8CFA5D8A1D6EE1D100FF2A16 /* Assets.xcassets */; };
		8CFA5D8E1D6EE1D100FF2A16 /* LaunchScreen.storyboard in Resources */ = {isa = PBXBuildFile; fileRef = 8CFA5D8C1D6EE1D100FF2A16 /* LaunchScreen.storyboard */; };
		8CFA5D9B1D6FD63800FF2A16 /* DoSomething.m in Sources */ = {isa = PBXBuildFile; fileRef = 8CFA5D9A1D6FD63800FF2A16 /* DoSomething.m */; };
/* End PBXBuildFile section */

/* Begin PBXFileReference section */
		8CFA5D7B1D6EE1D100FF2A16 /* block.app */ = {isa = PBXFileReference; explicitFileType = wrapper.application; includeInIndex = 0; path = block.app; sourceTree = BUILT_PRODUCTS_DIR; };
		8CFA5D7F1D6EE1D100FF2A16 /* main.m */ = {isa = PBXFileReference; lastKnownFileType = sourcecode.c.objc; path = main.m; sourceTree = "<group>"; };
		8CFA5D811D6EE1D100FF2A16 /* AppDelegate.h */ = {isa = PBXFileReference; lastKnownFileType = sourcecode.c.h; path = AppDelegate.h; sourceTree = "<group>"; };
		8CFA5D821D6EE1D100FF2A16 /* AppDelegate.m */ = {isa = PBXFileReference; lastKnownFileType = sourcecode.c.objc; path = AppDelegate.m; sourceTree = "<group>"; };
		8CFA5D841D6EE1D100FF2A16 /* ViewController.h */ = {isa = PBXFileReference; lastKnownFileType = sourcecode.c.h; path = ViewController.h; sourceTree = "<group>"; };
		8CFA5D851D6EE1D100FF2A16 /* ViewController.m */ = {isa = PBXFileReference; lastKnownFileType = sourcecode.c.objc; path = ViewController.m; sourceTree = "<group>"; };
		8CFA5D881D6EE1D100FF2A16 /* Base */ = {isa = PBXFileReference; lastKnownFileType = file.storyboard; name = Base; path = Base.lproj/Main.storyboard; sourceTree = "<group>"; };
		8CFA5D8A1D6EE1D100FF2A16 /* Assets.xcassets */ = {isa = PBXFileReference; lastKnownFileType = folder.assetcatalog; path = Assets.xcassets; sourceTree = "<group>"; };
		8CFA5D8D1D6EE1D100FF2A16 /* Base */ = {isa = PBXFileReference; lastKnownFileType = file.storyboard; name = Base; path = Base.lproj/LaunchScreen.storyboard; sourceTree = "<group>"; };
		8CFA5D8F1D6EE1D100FF2A16 /* Info.plist */ = {isa = PBXFileReference; lastKnownFileType = text.plist.xml; path = Info.plist; sourceTree = "<group>"; };
		8CFA5D991D6FD63800FF2A16 /* DoSomething.h */ = {isa = PBXFileReference; fileEncoding = 4; lastKnownFileType = sourcecode.c.h; path = DoSomething.h; sourceTree = "<group>"; };
		8CFA5D9A1D6FD63800FF2A16 /* DoSomething.m */ = {isa = PBXFileReference; fileEncoding = 4; lastKnownFileType = sourcecode.c.objc; path = DoSomething.m; sourceTree = "<group>"; };
/* End PBXFileReference section */

/* Begin PBXFrameworksBuildPhase section */
		8CFA5D781D6EE1D100FF2A16 /* Frameworks */ = {
			isa = PBXFrameworksBuildPhase;
			buildActionMask = 2147483647;
			files = (
			);
			runOnlyForDeploymentPostprocessing = 0;
		};
/* End PBXFrameworksBuildPhase section */

/* Begin PBXGroup section */
		8CFA5D721D6EE1D100FF2A16 = {
			isa = PBXGroup;
			children = (
				8CFA5D7D1D6EE1D100FF2A16 /* block */,
				8CFA5D7C1D6EE1D100FF2A16 /* Products */,
			);
			sourceTree = "<group>";
		};
		8CFA5D7C1D6EE1D100FF2A16 /* Products */ = {
			isa = PBXGroup;
			children = (
				8CFA5D7B1D6EE1D100FF2A16 /* block.app */,
			);
			name = Products;
			sourceTree = "<group>";
		};
		8CFA5D7D1D6EE1D100FF2A16 /* block */ = {
			isa = PBXGroup;
			children = (
				8CFA5D811D6EE1D100FF2A16 /* AppDelegate.h */,
				8CFA5D821D6EE1D100FF2A16 /* AppDelegate.m */,
				8CFA5D841D6EE1D100FF2A16 /* ViewController.h */,
				8CFA5D851D6EE1D100FF2A16 /* ViewController.m */,
				8CFA5D991D6FD63800FF2A16 /* DoSomething.h */,
				8CFA5D9A1D6FD63800FF2A16 /* DoSomething.m */,
				8CFA5D871D6EE1D100FF2A16 /* Main.storyboard */,
				8CFA5D8A1D6EE1D100FF2A16 /* Assets.xcassets */,
				8CFA5D8C1D6EE1D100FF2A16 /* LaunchScreen.storyboard */,
				8CFA5D8F1D6EE1D100FF2A16 /* Info.plist */,
				8CFA5D7E1D6EE1D100FF2A16 /* Supporting Files */,
			);
			path = block;
			sourceTree = "<group>";
		};
		8CFA5D7E1D6EE1D100FF2A16 /* Supporting Files */ = {
			isa = PBXGroup;
			children = (
				8CFA5D7F1D6EE1D100FF2A16 /* main.m */,
			);
			name = "Supporting Files";
			sourceTree = "<group>";
		};
/* End PBXGroup section */

/* Begin PBXNativeTarget section */
		8CFA5D7A1D6EE1D100FF2A16 /* block */ = {
			isa = PBXNativeTarget;
			buildConfigurationList = 8CFA5D921D6EE1D100FF2A16 /* Build configuration list for PBXNativeTarget "block" */;
			buildPhases = (
				8CFA5D771D6EE1D100FF2A16 /* Sources */,
				8CFA5D781D6EE1D100FF2A16 /* Frameworks */,
				8CFA5D791D6EE1D100FF2A16 /* Resources */,
			);
			buildRules = (
			);
			dependencies = (
			);
			name = block;
			productName = block;
			productReference = 8CFA5D7B1D6EE1D100FF2A16 /* block.app */;
			productType = "com.apple.product-type.application";
		};
/* End PBXNativeTarget section */

/* Begin PBXProject section */
		8CFA5D731D6EE1D100FF2A16 /* Project object */ = {
			isa = PBXProject;
			attributes = {
				LastUpgradeCheck = 0730;
				ORGANIZATIONNAME = "熊欣";
				TargetAttributes = {
					8CFA5D7A1D6EE1D100FF2A16 = {
						CreatedOnToolsVersion = 7.3;
						DevelopmentTeam = 96G863BQAJ;
					};
				};
			};
			buildConfigurationList = 8CFA5D761D6EE1D100FF2A16 /* Build configuration list for PBXProject "block" */;
			compatibilityVersion = "Xcode 3.2";
			developmentRegion = English;
			hasScannedForEncodings = 0;
			knownRegions = (
				en,
				Base,
			);
			mainGroup = 8CFA5D721D6EE1D100FF2A16;
			productRefGroup = 8CFA5D7C1D6EE1D100FF2A16 /* Products */;
			projectDirPath = "";
			projectRoot = "";
			targets = (
				8CFA5D7A1D6EE1D100FF2A16 /* block */,
			);
		};
/* End PBXProject section */

/* Begin PBXResourcesBuildPhase section */
		8CFA5D791D6EE1D100FF2A16 /* Resources */ = {
			isa = PBXResourcesBuildPhase;
			buildActionMask = 2147483647;
			files = (
				8CFA5D8E1D6EE1D100FF2A16 /* LaunchScreen.storyboard in Resources */,
				8CFA5D8B1D6EE1D100FF2A16 /* Assets.xcassets in Resources */,
				8CFA5D891D6EE1D100FF2A16 /* Main.storyboard in Resources */,
			);
			runOnlyForDeploymentPostprocessing = 0;
		};
/* End PBXResourcesBuildPhase section */

/* Begin PBXSourcesBuildPhase section */
		8CFA5D771D6EE1D100FF2A16 /* Sources */ = {
			isa = PBXSourcesBuildPhase;
			buildActionMask = 2147483647;
			files = (
				8CFA5D861D6EE1D100FF2A16 /* ViewController.m in Sources */,
				8CFA5D9B1D6FD63800FF2A16 /* DoSomething.m in Sources */,
				8CFA5D831D6EE1D100FF2A16 /* AppDelegate.m in Sources */,
				8CFA5D801D6EE1D100FF2A16 /* main.m in Sources */,
			);
			runOnlyForDeploymentPostprocessing = 0;
		};
/* End PBXSourcesBuildPhase section */

/* Begin PBXVariantGroup section */
		8CFA5D871D6EE1D100FF2A16 /* Main.storyboard */ = {
			isa = PBXVariantGroup;
			children = (
				8CFA5D881D6EE1D100FF2A16 /* Base */,
			);
			name = Main.storyboard;
			sourceTree = "<group>";
		};
		8CFA5D8C1D6EE1D100FF2A16 /* LaunchScreen.storyboard */ = {
			isa = PBXVariantGroup;
			children = (
				8CFA5D8D1D6EE1D100FF2A16 /* Base */,
			);
			name = LaunchScreen.storyboard;
			sourceTree = "<group>";
		};
/* End PBXVariantGroup section */

/* Begin XCBuildConfiguration section */
		8CFA5D901D6EE1D100FF2A16 /* Debug */ = {
			isa = XCBuildConfiguration;
			buildSettings = {
				ALWAYS_SEARCH_USER_PATHS = NO;
				CLANG_ANALYZER_NONNULL = YES;
				CLANG_CXX_LANGUAGE_STANDARD = "gnu++0x";
				CLANG_CXX_LIBRARY = "libc++";
				CLANG_ENABLE_MODULES = YES;
				CLANG_ENABLE_OBJC_ARC = YES;
				CLANG_WARN_BOOL_CONVERSION = YES;
				CLANG_WARN_CONSTANT_CONVERSION = YES;
				CLANG_WARN_DIRECT_OBJC_ISA_USAGE = YES_ERROR;
				CLANG_WARN_EMPTY_BODY = YES;
				CLANG_WARN_ENUM_CONVERSION = YES;
				CLANG_WARN_INT_CONVERSION = YES;
				CLANG_WARN_OBJC_ROOT_CLASS = YES_ERROR;
				CLANG_WARN_UNREACHABLE_CODE = YES;
				CLANG_WARN__DUPLICATE_METHOD_MATCH = YES;
				"CODE_SIGN_IDENTITY[sdk=iphoneos*]" = "iPhone Developer";
				COPY_PHASE_STRIP = NO;
				DEBUG_INFORMATION_FORMAT = dwarf;
				ENABLE_STRICT_OBJC_MSGSEND = YES;
				ENABLE_TESTABILITY = YES;
				GCC_C_LANGUAGE_STANDARD = gnu99;
				GCC_DYNAMIC_NO_PIC = NO;
				GCC_NO_COMMON_BLOCKS = YES;
				GCC_OPTIMIZATION_LEVEL = 0;
				GCC_PREPROCESSOR_DEFINITIONS = (
					"DEBUG=1",
					"$(inherited)",
				);
				GCC_WARN_64_TO_32_BIT_CONVERSION = YES;
				GCC_WARN_ABOUT_RETURN_TYPE = YES_ERROR;
				GCC_WARN_UNDECLARED_SELECTOR = YES;
				GCC_WARN_UNINITIALIZED_AUTOS = YES_AGGRESSIVE;
				GCC_WARN_UNUSED_FUNCTION = YES;
				GCC_WARN_UNUSED_VARIABLE = YES;
				IPHONEOS_DEPLOYMENT_TARGET = 9.3;
				MTL_ENABLE_DEBUG_INFO = YES;
				ONLY_ACTIVE_ARCH = YES;
				SDKROOT = iphoneos;
				TARGETED_DEVICE_FAMILY = "1,2";
			};
			name = Debug;
		};
		8CFA5D911D6EE1D100FF2A16 /* Release */ = {
			isa = XCBuildConfiguration;
			buildSettings = {
				ALWAYS_SEARCH_USER_PATHS = NO;
				CLANG_ANALYZER_NONNULL = YES;
				CLANG_CXX_LANGUAGE_STANDARD = "gnu++0x";
				CLANG_CXX_LIBRARY = "libc++";
				CLANG_ENABLE_MODULES = YES;
				CLANG_ENABLE_OBJC_ARC = YES;
				CLANG_WARN_BOOL_CONVERSION = YES;
				CLANG_WARN_CONSTANT_CONVERSION = YES;
				CLANG_WARN_DIRECT_OBJC_ISA_USAGE = YES_ERROR;
				CLANG_WARN_EMPTY_BODY = YES;
				CLANG_WARN_ENUM_CONVERSION = YES;
				CLANG_WARN_INT_CONVERSION = YES;
				CLANG_WARN_OBJC_ROOT_CLASS = YES_ERROR;
				CLANG_WARN_UNREACHABLE_CODE = YES;
				CLANG_WARN__DUPLICATE_METHOD_MATCH = YES;
				"CODE_SIGN_IDENTITY[sdk=iphoneos*]" = "iPhone Developer";
				COPY_PHASE_STRIP = NO;
				DEBUG_INFORMATION_FORMAT = "dwarf-with-dsym";
				ENABLE_NS_ASSERTIONS = NO;
				ENABLE_STRICT_OBJC_MSGSEND = YES;
				GCC_C_LANGUAGE_STANDARD = gnu99;
				GCC_NO_COMMON_BLOCKS = YES;
				GCC_WARN_64_TO_32_BIT_CONVERSION = YES;
				GCC_WARN_ABOUT_RETURN_TYPE = YES_ERROR;
				GCC_WARN_UNDECLARED_SELECTOR = YES;
				GCC_WARN_UNINITIALIZED_AUTOS = YES_AGGRESSIVE;
				GCC_WARN_UNUSED_FUNCTION = YES;
				GCC_WARN_UNUSED_VARIABLE = YES;
				IPHONEOS_DEPLOYMENT_TARGET = 9.3;
				MTL_ENABLE_DEBUG_INFO = NO;
				SDKROOT = iphoneos;
				TARGETED_DEVICE_FAMILY = "1,2";
				VALIDATE_PRODUCT = YES;
			};
			name = Release;
		};
		8CFA5D931D6EE1D100FF2A16 /* Debug */ = {
			isa = XCBuildConfiguration;
			buildSettings = {
				ASSETCATALOG_COMPILER_APPICON_NAME = AppIcon;
				CLANG_ENABLE_OBJC_ARC = YES;
				CLANG_ENABLE_OBJC_WEAK = NO;
				INFOPLIST_FILE = block/Info.plist;
				LD_RUNPATH_SEARCH_PATHS = "$(inherited) @executable_path/Frameworks";
				PRODUCT_BUNDLE_IDENTIFIER = com.pateo.block;
				PRODUCT_NAME = "$(TARGET_NAME)";
			};
			name = Debug;
		};
		8CFA5D941D6EE1D100FF2A16 /* Release */ = {
			isa = XCBuildConfiguration;
			buildSettings = {
				ASSETCATALOG_COMPILER_APPICON_NAME = AppIcon;
				CLANG_ENABLE_OBJC_ARC = YES;
				CLANG_ENABLE_OBJC_WEAK = NO;
				INFOPLIST_FILE = block/Info.plist;
				LD_RUNPATH_SEARCH_PATHS = "$(inherited) @executable_path/Frameworks";
				PRODUCT_BUNDLE_IDENTIFIER = com.pateo.block;
				PRODUCT_NAME = "$(TARGET_NAME)";
			};
			name = Release;
		};
/* End XCBuildConfiguration section */

/* Begin XCConfigurationList section */
		8CFA5D761D6EE1D100FF2A16 /* Build configuration list for PBXProject "block" */ = {
			isa = XCConfigurationList;
			buildConfigurations = (
				8CFA5D901D6EE1D100FF2A16 /* Debug */,
				8CFA5D911D6EE1D100FF2A16 /* Release */,
			);
			defaultConfigurationIsVisible = 0;
			defaultConfigurationName = Release;
		};
		8CFA5D921D6EE1D100FF2A16 /* Build configuration list for PBXNativeTarget "block" */ = {
			isa = XCConfigurationList;
			buildConfigurations = (
				8CFA5D931D6EE1D100FF2A16 /* Debug */,
				8CFA5D941D6EE1D100FF2A16 /* Release */,
			);
			defaultConfigurationIsVisible = 0;
			defaultConfigurationName = Release;
		};
/* End XCConfigurationList section */
	};
	rootObject = 8CFA5D731D6EE1D100FF2A16 /* Project object */;
}
